
Microsoft Visual Studio Solution File, Format Version 12.00
# Visual Studio Version 17
VisualStudioVersion = 17.0.31912.275
MinimumVisualStudioVersion = 10.0.40219.1
Project("{FAE04EC0-301F-11D3-BF4B-00C04F79EFBC}") = "Lab16_Task1_WpfApp", "Lab16_Task1_WpfApp.csproj", "{1C04D9FC-210D-45BB-ABDD-C92CE3665CD2}"
EndProject
Global
	GlobalSection(SolutionConfigurationPlatforms) = preSolution
		Debug|Any CPU = Debug|Any CPU
		Release|Any CPU = Release|Any CPU
	EndGlobalSection
	GlobalSection(ProjectConfigurationPlatforms) = postSolution
		{1C04D9FC-210D-45BB-ABDD-C92CE3665CD2}.Debug|Any CPU.ActiveCfg = Debug|Any CPU
		{1C04D9FC-210D-45BB-ABDD-C92CE3665CD2}.Debug|Any CPU.Build.0 = Debug|Any CPU
		{1C04D9FC-210D-45BB-ABDD-C92CE3665CD2}.Release|Any CPU.ActiveCfg = Release|Any CPU
		{1C04D9FC-210D-45BB-ABDD-C92CE3665CD2}.Release|Any CPU.Build.0 = Release|Any CPU
	EndGlobalSection
	GlobalSection(SolutionProperties) = preSolution
		HideSolutionNode = FALSE
	EndGlobalSection
	GlobalSection(ExtensibilityGlobals) = postSolution
		SolutionGuid = {8BEDF160-8C30-4926-9A69-46F9170AFC95}
	EndGlobalSection
EndGlobal
